[[package]]
category = "main"
description = "Extensible memoizing collections and decorators"
name = "cachetools"
optional = false
python-versions = "*"
version = "3.1.1"

[[package]]
category = "main"
description = "Python package for providing Mozilla's CA Bundle."
name = "certifi"
optional = false
python-versions = "*"
version = "2019.6.16"

[[package]]
category = "main"
description = "Universal encoding detector for Python 2 and 3"
name = "chardet"
optional = false
python-versions = "*"
version = "3.0.4"

[[package]]
category = "main"
description = "Python client for Elasticsearch"
name = "elasticsearch"
optional = false
python-versions = "*"
version = "7.0.2"

[package.dependencies]
urllib3 = ">=1.21.1"

[[package]]
category = "main"
description = "Google API client core library"
name = "google-api-core"
optional = false
python-versions = ">=2.7,!=3.0.*,!=3.1.*,!=3.2.*,!=3.3.*"
version = "1.13.0"

[package.dependencies]
google-auth = ">=0.4.0,<2.0dev"
googleapis-common-protos = ">=1.5.3,<1.5.4 || >1.5.4,<2.0dev"
protobuf = ">=3.4.0"
pytz = "*"
requests = ">=2.18.0,<3.0.0dev"
setuptools = ">=34.0.0"
six = ">=1.10.0"

[[package]]
category = "main"
description = "Google Authentication Library"
name = "google-auth"
optional = false
python-versions = ">=2.7,!=3.0.*,!=3.1.*,!=3.2.*,!=3.3.*"
version = "1.6.3"

[package.dependencies]
cachetools = ">=2.0.0"
pyasn1-modules = ">=0.2.1"
rsa = ">=3.1.4"
six = ">=1.9.0"

[[package]]
category = "main"
description = "Google Cloud API client core library"
name = "google-cloud-core"
optional = false
python-versions = ">=2.7,!=3.0.*,!=3.1.*,!=3.2.*,!=3.3.*"
version = "1.0.2"

[package.dependencies]
google-api-core = ">=1.11.0,<2.0.0dev"

[[package]]
category = "main"
description = "Google Cloud Pub/Sub API client library"
name = "google-cloud-pubsub"
optional = false
python-versions = ">=2.7,!=3.0.*,!=3.1.*,!=3.2.*,!=3.3.*"
version = "0.42.1"

[package.dependencies]
google-api-core = ">=1.12.0,<2.0.0dev"
grpc-google-iam-v1 = ">=0.11.4,<0.12dev"

[[package]]
category = "main"
description = "Google Cloud Storage API client library"
name = "google-cloud-storage"
optional = false
python-versions = ">=2.7,!=3.0.*,!=3.1.*,!=3.2.*,!=3.3.*"
version = "1.16.1"

[package.dependencies]
google-auth = ">=1.2.0"
google-cloud-core = ">=1.0.0,<2.0dev"
google-resumable-media = ">=0.3.1"

[[package]]
category = "main"
description = "Utilities for Google Media Downloads and Resumable Uploads"
name = "google-resumable-media"
optional = false
python-versions = ">=2.7,!=3.0.*,!=3.1.*,!=3.2.*,!=3.3.*"
version = "0.3.2"

[package.dependencies]
six = "*"

[[package]]
category = "main"
description = "Common protobufs used in Google APIs"
name = "googleapis-common-protos"
optional = false
python-versions = "*"
version = "1.6.0"

[package.dependencies]
protobuf = ">=3.6.0"

[[package]]
category = "main"
description = "GRPC library for the google-iam-v1 service"
name = "grpc-google-iam-v1"
optional = false
python-versions = "*"
version = "0.11.4"

[package.dependencies]
googleapis-common-protos = ">=1.5.2,<2.0.0dev"
grpcio = ">=1.0.0,<2.0.0dev"

[[package]]
category = "main"
description = "HTTP/2-based RPC framework"
name = "grpcio"
optional = false
python-versions = "*"
version = "1.22.0"

[package.dependencies]
six = ">=1.5.2"

[[package]]
category = "main"
description = "Internationalized Domain Names in Applications (IDNA)"
name = "idna"
optional = false
python-versions = ">=2.7, !=3.0.*, !=3.1.*, !=3.2.*, !=3.3.*"
version = "2.8"

[[package]]
category = "main"
description = "Protocol Buffers"
name = "protobuf"
optional = false
python-versions = "*"
version = "3.9.0"

[package.dependencies]
setuptools = "*"
six = ">=1.9"

[[package]]
category = "main"
description = "ASN.1 types and codecs"
name = "pyasn1"
optional = false
python-versions = "*"
version = "0.4.5"

[[package]]
category = "main"
description = "A collection of ASN.1-based protocols modules."
name = "pyasn1-modules"
optional = false
python-versions = "*"
version = "0.2.5"

[package.dependencies]
pyasn1 = ">=0.4.1,<0.5.0"

[[package]]
category = "main"
description = "World timezone definitions, modern and historical"
name = "pytz"
optional = false
python-versions = "*"
version = "2019.1"

[[package]]
category = "main"
description = "Python HTTP for Humans."
name = "requests"
optional = false
python-versions = ">=2.7, !=3.0.*, !=3.1.*, !=3.2.*, !=3.3.*, !=3.4.*"
version = "2.22.0"

[package.dependencies]
certifi = ">=2017.4.17"
chardet = ">=3.0.2,<3.1.0"
idna = ">=2.5,<2.9"
urllib3 = ">=1.21.1,<1.25.0 || >1.25.0,<1.25.1 || >1.25.1,<1.26"

[[package]]
category = "main"
description = "Pure-Python RSA implementation"
name = "rsa"
optional = false
python-versions = "*"
version = "4.0"

[package.dependencies]
pyasn1 = ">=0.1.3"

[[package]]
category = "main"
description = "Python 2 and 3 compatibility utilities"
name = "six"
optional = false
python-versions = ">=2.6, !=3.0.*, !=3.1.*"
version = "1.12.0"

[[package]]
category = "main"
description = "HTTP library with thread-safe connection pooling, file post, and more."
name = "urllib3"
optional = false
python-versions = ">=2.7, !=3.0.*, !=3.1.*, !=3.2.*, !=3.3.*, <4"
version = "1.25.3"

[metadata]
content-hash = "63a752a6b6780baee3af58afe3923a9a04f3b9cf606e46627864c0fd47430395"
python-versions = "^3.7"

[metadata.hashes]
cachetools = ["428266a1c0d36dc5aca63a2d7c5942e88c2c898d72139fca0e97fdd2380517ae", "8ea2d3ce97850f31e4a08b0e2b5e6c34997d7216a9d2c98e0f3978630d4da69a"]
certifi = ["046832c04d4e752f37383b628bc601a7ea7211496b4638f6514d0e5b9acc4939", "945e3ba63a0b9f577b1395204e13c3a231f9bc0223888be653286534e5873695"]
chardet = ["84ab92ed1c4d4f16916e05906b6b75a6c0fb5db821cc65e70cbd64a3e2a5eaae", "fc323ffcaeaed0e0a02bf4d117757b98aed530d9ed4531e3e15460124c106691"]
elasticsearch = ["cbc73831c63fa2824538df76fcb2c4be007b43dbd9e7788ae70ea6d24109925b", "d1b176b87a7fb75dca82978c82a4023e8b21cbc98f4018cb51190fb0b8b43764"]
google-api-core = ["72a1c8966bdbd70a72de32760368aec399fe6a5c2a6675d9476cb9ae27046de7", "f45d74aef41e1de49ceadebf382e1291ddcbe431a8b533aff8a1140a35531465"]
google-auth = ["0f7c6a64927d34c1a474da92cfc59e552a5d3b940d3266606c6a28b72888b9e4", "20705f6803fd2c4d1cc2dcb0df09d4dfcb9a7d51fd59e94a3a28231fd93119ed"]
google-cloud-core = ["7b61a06de4d63780bcf7889cb17f00f5058fdd211ad86c74367408eea37d9f00", "8f86399d8399448ccac5890239e6234f120dd619d22c41115ff548a851ec2be2"]
google-cloud-pubsub = ["c87b4c2362946ef43492c1596462c895164b58c04ec205b63d4179b6741defd8", "f295d14120f10e638ab4990268707d39f9460bc472145ae05b112f5f144854f0"]
google-cloud-storage = ["10b8a708d71b45589e06d0dc2bcc614e1d1c921902df8d22e374af1fb346ab68", "4a2a0e2486b1977a4f3e382ed0be118933ecb6a92dc6b2c3d0b56ef8d76ac7a9"]
google-resumable-media = ["2dae98ee716efe799db3578a7b902fbf5592fc5c77d3c0906fc4ef9b1b930861", "3e38923493ca0d7de0ad91c31acfefc393c78586db89364e91cb4f11990e51ba"]
googleapis-common-protos = ["e61b8ed5e36b976b487c6e7b15f31bb10c7a0ca7bd5c0e837f4afab64b53a0c6"]
grpc-google-iam-v1 = ["5009e831dcec22f3ff00e89405249d6a838d1449a46ac8224907aa5b0e0b1aec"]
grpcio = ["03b78b4e7dcdfe3e257bb528cc93923f9cbbab6d5babf15a60d21e9a4a70b1a2", "1ce0ccfbdfe84387dbcbf44adb4ae16ec7ae70e166ffab478993eb1ea1cba3ce", "22e167a9406d73dd19ffe8ed6a485f17e6eac82505be8c108897f15e68badcbb", "31d0aeca8d8ee2301c62c5c340e0889d653b1280d68f9fa203982cb6337b050e", "44c7f99ca17ebbcc96fc54ed00b454d8313f1eac28c563098d8b901025aff941", "5471444f53f9db6a1f1f11f5dbc173228881df8446380b6b98f90afb8fd8348e", "561bca3b1bde6d6564306eb05848fd155136e9c3a25d2961129b1e2edba22fce", "5bf58e1d2c2f55365c06e8cb5abe067b88ca2e5550fb62009c41df4b54505acf", "6b7163d1e85d76b0815df63fcc310daec02b44532bb433f743142d4febcb181f", "766d79cddad95f5f6020037fe60ea8b98578afdf0c59d5a60c106c1bdd886303", "770b7372d5ca68308ff66d7baee53369fa5ce985f84bcb6aa1948c1f2f7b02f2", "7ab178da777fc0f55b6aef5a755f99726e8e4b75e3903954df07b27059b54fcf", "8078305e77c2f6649d36b24d8778096413e474d9d7892c6f92cfb589c9d71b2e", "85600b63a386d860eeaa955e9335e18dd0d7e5477e9214825abf2c2884488369", "857d9b939ae128be1c0c792eb885c7ff6a386b9dea899ac4b06f4d90a31f9d87", "87a41630c90c179fa5c593400f30a467c498972c702f348d41e19dafeb1d319e", "8805d486c6128cc0fcc8ecf16c4095d99a8693a541ef851429ab334e028a4a97", "8d71b7a89c306a41ccc7741fc9409b14f5b86727455c2a1c0c7cfcb0f784e1f2", "9e1b80bd65f8f160880cb4dad7f55697f6d37b2d7f251fc0c2128e811928f369", "9e290c84a145ae2411ee0ec9913c41cd7500e2e7485fe93632434d84ef4fda67", "9ec9f88b5bc94bd99372f27cdd53af1c92ba06717380b127733b953cfb181174", "a0a02a8b4ba6deadf706d5f849539b3685b72b186a3c9ef5d43e8972ed60fb6f", "a4059c59519f5940e01a071f74ae2a60ea8f6185b03d22a09d40c7959a36b16b", "a6e028c2a6da2ebfa2365a5b32531d311fbfec0e3600fc27e901b64f0ff7e54e", "adcdebf9f8463df4120c427cf6c9aed39258bccd03ed37b6939e7a145d64d6e0", "bdec982610259d07156a58f80b8c3e69be7751a9208bc577b059c5193d087fad", "cefc4d4251ffb73feb303d4b7e9d6c367cb60f2db16d259ea28b114045f965aa", "d4145c8aa6afbac10ad27e408f7ce15992fe89ba5d0b4abca31c0c2729864c03", "da76dc5ad719ee99de5ea28a5629ff92172cbb4a70d8a6ae3a5b7a53c7382ce1", "dde2452c08ef8b6426ccab6b5b6de9f06d836d9937d6870e68153cbf8cb49348", "e3d88091d2539a4868750914a6fe7b9ec50e42b913851fc1b77423b5bd918530", "f9c67cfe6278499d7f83559dc6322a8bbb108e307817a3d7acbfea807b3603cc"]
idna = ["c357b3f628cf53ae2c4c05627ecc484553142ca23264e593d327bcde5e9c3407", "ea8b7f6188e6fa117537c3df7da9fc686d485087abf6ac197f9c46432f7e4a3c"]
protobuf = ["05c36022fef3c7d3562ac22402965c0c2b9fe8421f459bb377323598996e407f", "139b7eadcca0a861d60b523cb37d9475505e0dfb07972436b15407c2b968d87e", "15f683006cb77fb849b1f561e509b03dd2b7dcc749086b8dd1831090d0ba4740", "2ad566b7b7cdd8717c7af1825e19f09e8fef2787b77fcb979588944657679604", "35cfcf97642ef62108e10a9431c77733ec7eaab8e32fe4653de20403429907cb", "387822859ecdd012fdc25ec879f7f487da6e1d5b1ae6115e227e6be208836f71", "4df14cbe1e7134afcfdbb9f058949e31c466de27d9b2f7fb4da9e0b67231b538", "586c4ca37a7146d4822c700059f150ac3445ce0aef6f3ea258640838bb892dc2", "58b11e530e954d29ab3180c48dc558a409f705bf16739fd4e0d3e07924ad7add", "63c8c98ccb8c95f41c18fb829aeeab21c6249adee4ed75354125bdc44488f30e", "72edcbacd0c73eef507d2ff1af99a6c27df18e66a3ff4351e401182e4de62b03", "83dc8a561b3b954fd7002c690bb83278b8d1742a1e28abba9aaef28b0c8b437d", "913171ecc84c2726b86574e40549a0ea619d569657c5a5ff782a3be7d81401a5", "aabb7c741d3416671c3e6fe7c52970a226e6a8274417a97d7d795f953fadef36", "b3452bbda12b1cbe2187d416779de07b2ab4c497d83a050e43c344778763721d", "c5d5b8d4a9212338297fa1fa44589f69b470c0ba1d38168b432d577176b386a8", "d86ee389c2c4fc3cebabb8ce83a8e97b6b3b5dc727b7419c1ccdc7b6e545a233", "df82a0a3494fa2100c6f94aacaa8a618281dc3535f410f3decce941aea400a50", "f2db8c754de788ab8be5e108e1e967c774c0942342b4f8aaaf14063889a6cfdc"]
pyasn1 = ["061442c60842f6d11051d4fdae9bc197b64bd41573a12234a753a0cb80b4f30b", "0ee2449bf4c4e535823acc25624c45a8b454f328d59d3f3eeb82d3567100b9bd", "5f9fb05c33e53b9a6ee3b1ed1d292043f83df465852bec876e93b47fd2df7eed", "65201d28e081f690a32401e6253cca4449ccacc8f3988e811fae66bd822910ee", "79b336b073a52fa3c3d8728e78fa56b7d03138ef59f44084de5f39650265b5ff", "8ec20f61483764de281e0b4aba7d12716189700debcfa9e7935780850bf527f3", "9458d0273f95d035de4c0d5e0643f25daba330582cc71bb554fe6969c015042a", "98d97a1833a29ca61cd04a60414def8f02f406d732f9f0bcb49f769faff1b699", "b00d7bfb6603517e189d1ad76967c7e805139f63e43096e5f871d1277f50aea5", "b06c0cfd708b806ea025426aace45551f91ea7f557e0c2d4fbd9a4b346873ce0", "d14d05984581770333731690f5453efd4b82e1e5d824a1d7976b868a2e5c38e8", "da2420fe13a9452d8ae97a0e478adde1dee153b11ba832a95b223a2ba01c10f7", "da6b43a8c9ae93bc80e2739efb38cc776ba74a886e3e9318d65fe81a8b8a2c6e"]
pyasn1-modules = ["230730c6e63d283df75459b1b791d73648f801fd46ffcc9eb1abd16c67dfa3a6", "27f09b212203f820bc982937bd41952e856610dbd7c48d9366e8e63a551824c8", "490ed2974883c6e3d0ee53f53b32427f29ea030345c11d690788d1ed31ed666b", "49663b587853cd8783427d2fd115c862916bdd3c01656a8110ecd1950699e28f", "4df864e4dd01e600ffe280191a6630bb5b86d46382c1bcec4d03a700cb35c8b9", "6eeef742c31e285c23ebef32d8e0fee5e4ee1a563bb5171684621165b7e65627", "d1c66c80615ee74b1f3867d31b14e81f5f961a0e1afe5429838f21b5065d0161", "d7aa971a8cd79482ec5ae98705b54fdfaf834c24ed93ebc83f422c7700412b47", "e573fcf31e72c2ede48a58c8559fe9083cd007623c99a3eaf0c8f5719c09a2f8", "e980f089e3ec8116d6a5154c80f002ca941ad3446b5048a5b6d225f24ded85bb", "ef721f68f7951fab9b0404d42590f479e30d9005daccb1699b0a51bb4177db96", "f01c6899938f635b2ff4d158e760625416e20f03c612cfc9da7e97798c84e916", "f309b6c94724aeaf7ca583feb1cc70430e10d7551de5e36edfc1ae6909bcfb3c"]
pytz = ["303879e36b721603cc54604edcac9d20401bdbe31e1e4fdee5b9f98d5d31dfda", "d747dd3d23d77ef44c6a3526e274af6efeb0a6f1afd5a69ba4d5be4098c8e141"]
requests = ["11e007a8a2aa0323f5a921e9e6a2d7e4e67d9877e85773fba9ba6419025cbeb4", "9cf5292fcd0f598c671cfc1e0d7d1a7f13bb8085e9a590f48c010551dc6c4b31"]
rsa = ["14ba45700ff1ec9eeb206a2ce76b32814958a98e372006c8fb76ba820211be66", "1a836406405730121ae9823e19c6e806c62bbad73f890574fff50efa4122c487"]
six = ["3350809f0555b11f552448330d0b52d5f24c91a322ea4a15ef22629740f3761c", "d16a0141ec1a18405cd4ce8b4613101da75da0e9a7aec5bdd4fa804d0e0eba73"]
urllib3 = ["b246607a25ac80bedac05c6f282e3cdaf3afb65420fd024ac94435cabe6e18d1", "dbe59173209418ae49d485b87d1681aefa36252ee85884c31346debd19463232"]
